// !$*UTF8*$!
{
	archiveVersion = 1;
	classes = {
	};
	objectVersion = 55;
	objects = {

/* Begin PBXBuildFile section */
		A910B39128B7BF0F00FD5AED /* ContentView.swift in Sources */ = {isa = PBXBuildFile; fileRef = A910B39028B7BF0F00FD5AED /* ContentView.swift */; };
		A910B39328B7BF1000FD5AED /* Assets.xcassets in Resources */ = {isa = PBXBuildFile; fileRef = A910B39228B7BF1000FD5AED /* Assets.xcassets */; };
		A910B39628B7BF1000FD5AED /* Preview Assets.xcassets in Resources */ = {isa = PBXBuildFile; fileRef = A910B39528B7BF1000FD5AED /* Preview Assets.xcassets */; };
		A910B3A028B7BF1000FD5AED /* Gimmi_git_safeTests.swift in Sources */ = {isa = PBXBuildFile; fileRef = A910B39F28B7BF1000FD5AED /* Gimmi_git_safeTests.swift */; };
		A910B3AA28B7BF1000FD5AED /* Gimmi_git_safeUITests.swift in Sources */ = {isa = PBXBuildFile; fileRef = A910B3A928B7BF1000FD5AED /* Gimmi_git_safeUITests.swift */; };
		A910B3AC28B7BF1000FD5AED /* Gimmi_git_safeUITestsLaunchTests.swift in Sources */ = {isa = PBXBuildFile; fileRef = A910B3AB28B7BF1000FD5AED /* Gimmi_git_safeUITestsLaunchTests.swift */; };
		A910B3BD28B7BF2700FD5AED /* GimmiApp.swift in Sources */ = {isa = PBXBuildFile; fileRef = A910B3B828B7BF2700FD5AED /* GimmiApp.swift */; };
		A910B3BE28B7BF2700FD5AED /* ViewModels in Resources */ = {isa = PBXBuildFile; fileRef = A910B3B928B7BF2700FD5AED /* ViewModels */; };
		A910B3BF28B7BF2700FD5AED /* Views in Resources */ = {isa = PBXBuildFile; fileRef = A910B3BA28B7BF2700FD5AED /* Views */; };
		A910B3C028B7BF2700FD5AED /* Utilities in Resources */ = {isa = PBXBuildFile; fileRef = A910B3BB28B7BF2700FD5AED /* Utilities */; };
		A910B3C128B7BF2700FD5AED /* Model in Resources */ = {isa = PBXBuildFile; fileRef = A910B3BC28B7BF2700FD5AED /* Model */; };
/* End PBXBuildFile section */

/* Begin PBXContainerItemProxy section */
		A910B39C28B7BF1000FD5AED /* PBXContainerItemProxy */ = {
			isa = PBXContainerItemProxy;
			containerPortal = A910B38328B7BF0F00FD5AED /* Project object */;
			proxyType = 1;
			remoteGlobalIDString = A910B38A28B7BF0F00FD5AED;
			remoteInfo = Gimmi_git_safe;
		};
		A910B3A628B7BF1000FD5AED /* PBXContainerItemProxy */ = {
			isa = PBXContainerItemProxy;
			containerPortal = A910B38328B7BF0F00FD5AED /* Project object */;
			proxyType = 1;
			remoteGlobalIDString = A910B38A28B7BF0F00FD5AED;
			remoteInfo = Gimmi_git_safe;
		};
/* End PBXContainerItemProxy section */

/* Begin PBXFileReference section */
		A910B38B28B7BF0F00FD5AED /* Gimmi_git_safe.app */ = {isa = PBXFileReference; explicitFileType = wrapper.application; includeInIndex = 0; path = Gimmi_git_safe.app; sourceTree = BUILT_PRODUCTS_DIR; };
		A910B39028B7BF0F00FD5AED /* ContentView.swift */ = {isa = PBXFileReference; lastKnownFileType = sourcecode.swift; path = ContentView.swift; sourceTree = "<group>"; };
		A910B39228B7BF1000FD5AED /* Assets.xcassets */ = {isa = PBXFileReference; lastKnownFileType = folder.assetcatalog; path = Assets.xcassets; sourceTree = "<group>"; };
		A910B39528B7BF1000FD5AED /* Preview Assets.xcassets */ = {isa = PBXFileReference; lastKnownFileType = folder.assetcatalog; path = "Preview Assets.xcassets"; sourceTree = "<group>"; };
		A910B39B28B7BF1000FD5AED /* Gimmi_git_safeTests.xctest */ = {isa = PBXFileReference; explicitFileType = wrapper.cfbundle; includeInIndex = 0; path = Gimmi_git_safeTests.xctest; sourceTree = BUILT_PRODUCTS_DIR; };
		A910B39F28B7BF1000FD5AED /* Gimmi_git_safeTests.swift */ = {isa = PBXFileReference; lastKnownFileType = sourcecode.swift; path = Gimmi_git_safeTests.swift; sourceTree = "<group>"; };
		A910B3A528B7BF1000FD5AED /* Gimmi_git_safeUITests.xctest */ = {isa = PBXFileReference; explicitFileType = wrapper.cfbundle; includeInIndex = 0; path = Gimmi_git_safeUITests.xctest; sourceTree = BUILT_PRODUCTS_DIR; };
		A910B3A928B7BF1000FD5AED /* Gimmi_git_safeUITests.swift */ = {isa = PBXFileReference; lastKnownFileType = sourcecode.swift; path = Gimmi_git_safeUITests.swift; sourceTree = "<group>"; };
		A910B3AB28B7BF1000FD5AED /* Gimmi_git_safeUITestsLaunchTests.swift */ = {isa = PBXFileReference; lastKnownFileType = sourcecode.swift; path = Gimmi_git_safeUITestsLaunchTests.swift; sourceTree = "<group>"; };
		A910B3B828B7BF2700FD5AED /* GimmiApp.swift */ = {isa = PBXFileReference; fileEncoding = 4; lastKnownFileType = sourcecode.swift; path = GimmiApp.swift; sourceTree = "<group>"; };
		A910B3B928B7BF2700FD5AED /* ViewModels */ = {isa = PBXFileReference; lastKnownFileType = folder; path = ViewModels; sourceTree = "<group>"; };
		A910B3BA28B7BF2700FD5AED /* Views */ = {isa = PBXFileReference; lastKnownFileType = folder; path = Views; sourceTree = "<group>"; };
		A910B3BB28B7BF2700FD5AED /* Utilities */ = {isa = PBXFileReference; lastKnownFileType = folder; path = Utilities; sourceTree = "<group>"; };
		A910B3BC28B7BF2700FD5AED /* Model */ = {isa = PBXFileReference; lastKnownFileType = folder; path = Model; sourceTree = "<group>"; };
/* End PBXFileReference section */

/* Begin PBXFrameworksBuildPhase section */
		A910B38828B7BF0F00FD5AED /* Frameworks */ = {
			isa = PBXFrameworksBuildPhase;
			buildActionMask = 2147483647;
			files = (
			);
			runOnlyForDeploymentPostprocessing = 0;
		};
		A910B39828B7BF1000FD5AED /* Frameworks */ = {
			isa = PBXFrameworksBuildPhase;
			buildActionMask = 2147483647;
			files = (
			);
			runOnlyForDeploymentPostprocessing = 0;
		};
		A910B3A228B7BF1000FD5AED /* Frameworks */ = {
			isa = PBXFrameworksBuildPhase;
			buildActionMask = 2147483647;
			files = (
			);
			runOnlyForDeploymentPostprocessing = 0;
		};
/* End PBXFrameworksBuildPhase section */

/* Begin PBXGroup section */
		A910B38228B7BF0F00FD5AED = {
			isa = PBXGroup;
			children = (
				A910B38D28B7BF0F00FD5AED /* Gimmi_git_safe */,
				A910B39E28B7BF1000FD5AED /* Gimmi_git_safeTests */,
				A910B3A828B7BF1000FD5AED /* Gimmi_git_safeUITests */,
				A910B38C28B7BF0F00FD5AED /* Products */,
			);
			sourceTree = "<group>";
		};
		A910B38C28B7BF0F00FD5AED /* Products */ = {
			isa = PBXGroup;
			children = (
				A910B38B28B7BF0F00FD5AED /* Gimmi_git_safe.app */,
				A910B39B28B7BF1000FD5AED /* Gimmi_git_safeTests.xctest */,
				A910B3A528B7BF1000FD5AED /* Gimmi_git_safeUITests.xctest */,
			);
			name = Products;
			sourceTree = "<group>";
		};
		A910B38D28B7BF0F00FD5AED /* Gimmi_git_safe */ = {
			isa = PBXGroup;
			children = (
				A910B3B828B7BF2700FD5AED /* GimmiApp.swift */,
				A910B3BC28B7BF2700FD5AED /* Model */,
				A910B3BB28B7BF2700FD5AED /* Utilities */,
				A910B3B928B7BF2700FD5AED /* ViewModels */,
				A910B3BA28B7BF2700FD5AED /* Views */,
				A910B39028B7BF0F00FD5AED /* ContentView.swift */,
				A910B39228B7BF1000FD5AED /* Assets.xcassets */,
				A910B39428B7BF1000FD5AED /* Preview Content */,
			);
			path = Gimmi_git_safe;
			sourceTree = "<group>";
		};
		A910B39428B7BF1000FD5AED /* Preview Content */ = {
			isa = PBXGroup;
			children = (
				A910B39528B7BF1000FD5AED /* Preview Assets.xcassets */,
			);
			path = "Preview Content";
			sourceTree = "<group>";
		};
		A910B39E28B7BF1000FD5AED /* Gimmi_git_safeTests */ = {
			isa = PBXGroup;
			children = (
				A910B39F28B7BF1000FD5AED /* Gimmi_git_safeTests.swift */,
			);
			path = Gimmi_git_safeTests;
			sourceTree = "<group>";
		};
		A910B3A828B7BF1000FD5AED /* Gimmi_git_safeUITests */ = {
			isa = PBXGroup;
			children = (
				A910B3A928B7BF1000FD5AED /* Gimmi_git_safeUITests.swift */,
				A910B3AB28B7BF1000FD5AED /* Gimmi_git_safeUITestsLaunchTests.swift */,
			);
			path = Gimmi_git_safeUITests;
			sourceTree = "<group>";
		};
/* End PBXGroup section */

/* Begin PBXNativeTarget section */
		A910B38A28B7BF0F00FD5AED /* Gimmi_git_safe */ = {
			isa = PBXNativeTarget;
			buildConfigurationList = A910B3AF28B7BF1000FD5AED /* Build configuration list for PBXNativeTarget "Gimmi_git_safe" */;
			buildPhases = (
				A910B38728B7BF0F00FD5AED /* Sources */,
				A910B38828B7BF0F00FD5AED /* Frameworks */,
				A910B38928B7BF0F00FD5AED /* Resources */,
			);
			buildRules = (
			);
			dependencies = (
			);
			name = Gimmi_git_safe;
			productName = Gimmi_git_safe;
			productReference = A910B38B28B7BF0F00FD5AED /* Gimmi_git_safe.app */;
			productType = "com.apple.product-type.application";
		};
		A910B39A28B7BF1000FD5AED /* Gimmi_git_safeTests */ = {
			isa = PBXNativeTarget;
			buildConfigurationList = A910B3B228B7BF1000FD5AED /* Build configuration list for PBXNativeTarget "Gimmi_git_safeTests" */;
			buildPhases = (
				A910B39728B7BF1000FD5AED /* Sources */,
				A910B39828B7BF1000FD5AED /* Frameworks */,
				A910B39928B7BF1000FD5AED /* Resources */,
			);
			buildRules = (
			);
			dependencies = (
				A910B39D28B7BF1000FD5AED /* PBXTargetDependency */,
			);
			name = Gimmi_git_safeTests;
			productName = Gimmi_git_safeTests;
			productReference = A910B39B28B7BF1000FD5AED /* Gimmi_git_safeTests.xctest */;
			productType = "com.apple.product-type.bundle.unit-test";
		};
		A910B3A428B7BF1000FD5AED /* Gimmi_git_safeUITests */ = {
			isa = PBXNativeTarget;
			buildConfigurationList = A910B3B528B7BF1000FD5AED /* Build configuration list for PBXNativeTarget "Gimmi_git_safeUITests" */;
			buildPhases = (
				A910B3A128B7BF1000FD5AED /* Sources */,
				A910B3A228B7BF1000FD5AED /* Frameworks */,
				A910B3A328B7BF1000FD5AED /* Resources */,
			);
			buildRules = (
			);
			dependencies = (
				A910B3A728B7BF1000FD5AED /* PBXTargetDependency */,
			);
			name = Gimmi_git_safeUITests;
			productName = Gimmi_git_safeUITests;
			productReference = A910B3A528B7BF1000FD5AED /* Gimmi_git_safeUITests.xctest */;
			productType = "com.apple.product-type.bundle.ui-testing";
		};
/* End PBXNativeTarget section */

/* Begin PBXProject section */
		A910B38328B7BF0F00FD5AED /* Project object */ = {
			isa = PBXProject;
			attributes = {
				BuildIndependentTargetsInParallel = 1;
				LastSwiftUpdateCheck = 1340;
				LastUpgradeCheck = 1340;
				TargetAttributes = {
					A910B38A28B7BF0F00FD5AED = {
						CreatedOnToolsVersion = 13.4.1;
					};
					A910B39A28B7BF1000FD5AED = {
						CreatedOnToolsVersion = 13.4.1;
						TestTargetID = A910B38A28B7BF0F00FD5AED;
					};
					A910B3A428B7BF1000FD5AED = {
						CreatedOnToolsVersion = 13.4.1;
						TestTargetID = A910B38A28B7BF0F00FD5AED;
					};
				};
			};
			buildConfigurationList = A910B38628B7BF0F00FD5AED /* Build configuration list for PBXProject "Gimmi_git_safe" */;
			compatibilityVersion = "Xcode 13.0";
			developmentRegion = en;
			hasScannedForEncodings = 0;
			knownRegions = (
				en,
				Base,
			);
			mainGroup = A910B38228B7BF0F00FD5AED;
			productRefGroup = A910B38C28B7BF0F00FD5AED /* Products */;
			projectDirPath = "";
			projectRoot = "";
			targets = (
				A910B38A28B7BF0F00FD5AED /* Gimmi_git_safe */,
				A910B39A28B7BF1000FD5AED /* Gimmi_git_safeTests */,
				A910B3A428B7BF1000FD5AED /* Gimmi_git_safeUITests */,
			);
		};
/* End PBXProject section */

/* Begin PBXResourcesBuildPhase section */
		A910B38928B7BF0F00FD5AED /* Resources */ = {
			isa = PBXResourcesBuildPhase;
			buildActionMask = 2147483647;
			files = (
				A910B3C128B7BF2700FD5AED /* Model in Resources */,
				A910B39628B7BF1000FD5AED /* Preview Assets.xcassets in Resources */,
				A910B39328B7BF1000FD5AED /* Assets.xcassets in Resources */,
				A910B3BE28B7BF2700FD5AED /* ViewModels in Resources */,
				A910B3C028B7BF2700FD5AED /* Utilities in Resources */,
				A910B3BF28B7BF2700FD5AED /* Views in Resources */,
			);
			runOnlyForDeploymentPostprocessing = 0;
		};
		A910B39928B7BF1000FD5AED /* Resources */ = {
			isa = PBXResourcesBuildPhase;
			buildActionMask = 2147483647;
			files = (
			);
			runOnlyForDeploymentPostprocessing = 0;
		};
		A910B3A328B7BF1000FD5AED /* Resources */ = {
			isa = PBXResourcesBuildPhase;
			buildActionMask = 2147483647;
			files = (
			);
			runOnlyForDeploymentPostprocessing = 0;
		};
/* End PBXResourcesBuildPhase section */

/* Begin PBXSourcesBuildPhase section */
		A910B38728B7BF0F00FD5AED /* Sources */ = {
			isa = PBXSourcesBuildPhase;
			buildActionMask = 2147483647;
			files = (
				A910B39128B7BF0F00FD5AED /* ContentView.swift in Sources */,
				A910B3BD28B7BF2700FD5AED /* GimmiApp.swift in Sources */,
			);
			runOnlyForDeploymentPostprocessing = 0;
		};
		A910B39728B7BF1000FD5AED /* Sources */ = {
			isa = PBXSourcesBuildPhase;
			buildActionMask = 2147483647;
			files = (
				A910B3A028B7BF1000FD5AED /* Gimmi_git_safeTests.swift in Sources */,
			);
			runOnlyForDeploymentPostprocessing = 0;
		};
		A910B3A128B7BF1000FD5AED /* Sources */ = {
			isa = PBXSourcesBuildPhase;
			buildActionMask = 2147483647;
			files = (
				A910B3AC28B7BF1000FD5AED /* Gimmi_git_safeUITestsLaunchTests.swift in Sources */,
				A910B3AA28B7BF1000FD5AED /* Gimmi_git_safeUITests.swift in Sources */,
			);
			runOnlyForDeploymentPostprocessing = 0;
		};
/* End PBXSourcesBuildPhase section */

/* Begin PBXTargetDependency section */
		A910B39D28B7BF1000FD5AED /* PBXTargetDependency */ = {
			isa = PBXTargetDependency;
			target = A910B38A28B7BF0F00FD5AED /* Gimmi_git_safe */;
			targetProxy = A910B39C28B7BF1000FD5AED /* PBXContainerItemProxy */;
		};
		A910B3A728B7BF1000FD5AED /* PBXTargetDependency */ = {
			isa = PBXTargetDependency;
			target = A910B38A28B7BF0F00FD5AED /* Gimmi_git_safe */;
			targetProxy = A910B3A628B7BF1000FD5AED /* PBXContainerItemProxy */;
		};
/* End PBXTargetDependency section */

/* Begin XCBuildConfiguration section */
		A910B3AD28B7BF1000FD5AED /* Debug */ = {
			isa = XCBuildConfiguration;
			buildSettings = {
				ALWAYS_SEARCH_USER_PATHS = NO;
				CLANG_ANALYZER_NONNULL = YES;
				CLANG_ANALYZER_NUMBER_OBJECT_CONVERSION = YES_AGGRESSIVE;
				CLANG_CXX_LANGUAGE_STANDARD = "gnu++17";
				CLANG_ENABLE_MODULES = YES;
				CLANG_ENABLE_OBJC_ARC = YES;
				CLANG_ENABLE_OBJC_WEAK = YES;
				CLANG_WARN_BLOCK_CAPTURE_AUTORELEASING = YES;
				CLANG_WARN_BOOL_CONVERSION = YES;
				CLANG_WARN_COMMA = YES;
				CLANG_WARN_CONSTANT_CONVERSION = YES;
				CLANG_WARN_DEPRECATED_OBJC_IMPLEMENTATIONS = YES;
				CLANG_WARN_DIRECT_OBJC_ISA_USAGE = YES_ERROR;
				CLANG_WARN_DOCUMENTATION_COMMENTS = YES;
				CLANG_WARN_EMPTY_BODY = YES;
				CLANG_WARN_ENUM_CONVERSION = YES;
				CLANG_WARN_INFINITE_RECURSION = YES;
				CLANG_WARN_INT_CONVERSION = YES;
				CLANG_WARN_NON_LITERAL_NULL_CONVERSION = YES;
				CLANG_WARN_OBJC_IMPLICIT_RETAIN_SELF = YES;
				CLANG_WARN_OBJC_LITERAL_CONVERSION = YES;
				CLANG_WARN_OBJC_ROOT_CLASS = YES_ERROR;
				CLANG_WARN_QUOTED_INCLUDE_IN_FRAMEWORK_HEADER = YES;
				CLANG_WARN_RANGE_LOOP_ANALYSIS = YES;
				CLANG_WARN_STRICT_PROTOTYPES = YES;
				CLANG_WARN_SUSPICIOUS_MOVE = YES;
				CLANG_WARN_UNGUARDED_AVAILABILITY = YES_AGGRESSIVE;
				CLANG_WARN_UNREACHABLE_CODE = YES;
				CLANG_WARN__DUPLICATE_METHOD_MATCH = YES;
				COPY_PHASE_STRIP = NO;
				DEBUG_INFORMATION_FORMAT = dwarf;
				ENABLE_STRICT_OBJC_MSGSEND = YES;
				ENABLE_TESTABILITY = YES;
				GCC_C_LANGUAGE_STANDARD = gnu11;
				GCC_DYNAMIC_NO_PIC = NO;
				GCC_NO_COMMON_BLOCKS = YES;
				GCC_OPTIMIZATION_LEVEL = 0;
				GCC_PREPROCESSOR_DEFINITIONS = (
					"DEBUG=1",
					"$(inherited)",
				);
				GCC_WARN_64_TO_32_BIT_CONVERSION = YES;
				GCC_WARN_ABOUT_RETURN_TYPE = YES_ERROR;
				GCC_WARN_UNDECLARED_SELECTOR = YES;
				GCC_WARN_UNINITIALIZED_AUTOS = YES_AGGRESSIVE;
				GCC_WARN_UNUSED_FUNCTION = YES;
				GCC_WARN_UNUSED_VARIABLE = YES;
				IPHONEOS_DEPLOYMENT_TARGET = 15.5;
				MTL_ENABLE_DEBUG_INFO = INCLUDE_SOURCE;
				MTL_FAST_MATH = YES;
				ONLY_ACTIVE_ARCH = YES;
				SDKROOT = iphoneos;
				SWIFT_ACTIVE_COMPILATION_CONDITIONS = DEBUG;
				SWIFT_OPTIMIZATION_LEVEL = "-Onone";
			};
			name = Debug;
		};
		A910B3AE28B7BF1000FD5AED /* Release */ = {
			isa = XCBuildConfiguration;
			buildSettings = {
				ALWAYS_SEARCH_USER_PATHS = NO;
				CLANG_ANALYZER_NONNULL = YES;
				CLANG_ANALYZER_NUMBER_OBJECT_CONVERSION = YES_AGGRESSIVE;
				CLANG_CXX_LANGUAGE_STANDARD = "gnu++17";
				CLANG_ENABLE_MODULES = YES;
				CLANG_ENABLE_OBJC_ARC = YES;
				CLANG_ENABLE_OBJC_WEAK = YES;
				CLANG_WARN_BLOCK_CAPTURE_AUTORELEASING = YES;
				CLANG_WARN_BOOL_CONVERSION = YES;
				CLANG_WARN_COMMA = YES;
				CLANG_WARN_CONSTANT_CONVERSION = YES;
				CLANG_WARN_DEPRECATED_OBJC_IMPLEMENTATIONS = YES;
				CLANG_WARN_DIRECT_OBJC_ISA_USAGE = YES_ERROR;
				CLANG_WARN_DOCUMENTATION_COMMENTS = YES;
				CLANG_WARN_EMPTY_BODY = YES;
				CLANG_WARN_ENUM_CONVERSION = YES;
				CLANG_WARN_INFINITE_RECURSION = YES;
				CLANG_WARN_INT_CONVERSION = YES;
				CLANG_WARN_NON_LITERAL_NULL_CONVERSION = YES;
				CLANG_WARN_OBJC_IMPLICIT_RETAIN_SELF = YES;
				CLANG_WARN_OBJC_LITERAL_CONVERSION = YES;
				CLANG_WARN_OBJC_ROOT_CLASS = YES_ERROR;
				CLANG_WARN_QUOTED_INCLUDE_IN_FRAMEWORK_HEADER = YES;
				CLANG_WARN_RANGE_LOOP_ANALYSIS = YES;
				CLANG_WARN_STRICT_PROTOTYPES = YES;
				CLANG_WARN_SUSPICIOUS_MOVE = YES;
				CLANG_WARN_UNGUARDED_AVAILABILITY = YES_AGGRESSIVE;
				CLANG_WARN_UNREACHABLE_CODE = YES;
				CLANG_WARN__DUPLICATE_METHOD_MATCH = YES;
				COPY_PHASE_STRIP = NO;
				DEBUG_INFORMATION_FORMAT = "dwarf-with-dsym";
				ENABLE_NS_ASSERTIONS = NO;
				ENABLE_STRICT_OBJC_MSGSEND = YES;
				GCC_C_LANGUAGE_STANDARD = gnu11;
				GCC_NO_COMMON_BLOCKS = YES;
				GCC_WARN_64_TO_32_BIT_CONVERSION = YES;
				GCC_WARN_ABOUT_RETURN_TYPE = YES_ERROR;
				GCC_WARN_UNDECLARED_SELECTOR = YES;
				GCC_WARN_UNINITIALIZED_AUTOS = YES_AGGRESSIVE;
				GCC_WARN_UNUSED_FUNCTION = YES;
				GCC_WARN_UNUSED_VARIABLE = YES;
				IPHONEOS_DEPLOYMENT_TARGET = 15.5;
				MTL_ENABLE_DEBUG_INFO = NO;
				MTL_FAST_MATH = YES;
				SDKROOT = iphoneos;
				SWIFT_COMPILATION_MODE = wholemodule;
				SWIFT_OPTIMIZATION_LEVEL = "-O";
				VALIDATE_PRODUCT = YES;
			};
			name = Release;
		};
		A910B3B028B7BF1000FD5AED /* Debug */ = {
			isa = XCBuildConfiguration;
			buildSettings = {
				ASSETCATALOG_COMPILER_APPICON_NAME = AppIcon;
				ASSETCATALOG_COMPILER_GLOBAL_ACCENT_COLOR_NAME = AccentColor;
				CODE_SIGN_STYLE = Automatic;
				CURRENT_PROJECT_VERSION = 1;
				DEVELOPMENT_ASSET_PATHS = "\"Gimmi_git_safe/Preview Content\"";
				DEVELOPMENT_TEAM = 3C534KM75F;
				ENABLE_PREVIEWS = YES;
				GENERATE_INFOPLIST_FILE = YES;
				INFOPLIST_KEY_UIApplicationSceneManifest_Generation = YES;
				INFOPLIST_KEY_UIApplicationSupportsIndirectInputEvents = YES;
				INFOPLIST_KEY_UILaunchScreen_Generation = YES;
				INFOPLIST_KEY_UISupportedInterfaceOrientations_iPad = "UIInterfaceOrientationPortrait UIInterfaceOrientationPortraitUpsideDown UIInterfaceOrientationLandscapeLeft UIInterfaceOrientationLandscapeRight";
				INFOPLIST_KEY_UISupportedInterfaceOrientations_iPhone = "UIInterfaceOrientationPortrait UIInterfaceOrientationLandscapeLeft UIInterfaceOrientationLandscapeRight";
				LD_RUNPATH_SEARCH_PATHS = (
					"$(inherited)",
					"@executable_path/Frameworks",
				);
				MARKETING_VERSION = 1.0;
				PRODUCT_BUNDLE_IDENTIFIER = "com.MarcoTagliafierro.Gimmi-git-safe";
				PRODUCT_NAME = "$(TARGET_NAME)";
				SWIFT_EMIT_LOC_STRINGS = YES;
				SWIFT_VERSION = 5.0;
				TARGETED_DEVICE_FAMILY = "1,2";
			};
			name = Debug;
		};
		A910B3B128B7BF1000FD5AED /* Release */ = {
			isa = XCBuildConfiguration;
			buildSettings = {
				ASSETCATALOG_COMPILER_APPICON_NAME = AppIcon;
				ASSETCATALOG_COMPILER_GLOBAL_ACCENT_COLOR_NAME = AccentColor;
				CODE_SIGN_STYLE = Automatic;
				CURRENT_PROJECT_VERSION = 1;
				DEVELOPMENT_ASSET_PATHS = "\"Gimmi_git_safe/Preview Content\"";
				DEVELOPMENT_TEAM = 3C534KM75F;
				ENABLE_PREVIEWS = YES;
				GENERATE_INFOPLIST_FILE = YES;
				INFOPLIST_KEY_UIApplicationSceneManifest_Generation = YES;
				INFOPLIST_KEY_UIApplicationSupportsIndirectInputEvents = YES;
				INFOPLIST_KEY_UILaunchScreen_Generation = YES;
				INFOPLIST_KEY_UISupportedInterfaceOrientations_iPad = "UIInterfaceOrientationPortrait UIInterfaceOrientationPortraitUpsideDown UIInterfaceOrientationLandscapeLeft UIInterfaceOrientationLandscapeRight";
				INFOPLIST_KEY_UISupportedInterfaceOrientations_iPhone = "UIInterfaceOrientationPortrait UIInterfaceOrientationLandscapeLeft UIInterfaceOrientationLandscapeRight";
				LD_RUNPATH_SEARCH_PATHS = (
					"$(inherited)",
					"@executable_path/Frameworks",
				);
				MARKETING_VERSION = 1.0;
				PRODUCT_BUNDLE_IDENTIFIER = "com.MarcoTagliafierro.Gimmi-git-safe";
				PRODUCT_NAME = "$(TARGET_NAME)";
				SWIFT_EMIT_LOC_STRINGS = YES;
				SWIFT_VERSION = 5.0;
				TARGETED_DEVICE_FAMILY = "1,2";
			};
			name = Release;
		};
		A910B3B328B7BF1000FD5AED /* Debug */ = {
			isa = XCBuildConfiguration;
			buildSettings = {
				ALWAYS_EMBED_SWIFT_STANDARD_LIBRARIES = YES;
				BUNDLE_LOADER = "$(TEST_HOST)";
				CODE_SIGN_STYLE = Automatic;
				CURRENT_PROJECT_VERSION = 1;
				DEVELOPMENT_TEAM = 3C534KM75F;
				GENERATE_INFOPLIST_FILE = YES;
				IPHONEOS_DEPLOYMENT_TARGET = 15.5;
				MARKETING_VERSION = 1.0;
				PRODUCT_BUNDLE_IDENTIFIER = "com.MarcoTagliafierro.Gimmi-git-safeTests";
				PRODUCT_NAME = "$(TARGET_NAME)";
				SWIFT_EMIT_LOC_STRINGS = NO;
				SWIFT_VERSION = 5.0;
				TARGETED_DEVICE_FAMILY = "1,2";
				TEST_HOST = "$(BUILT_PRODUCTS_DIR)/Gimmi_git_safe.app/Gimmi_git_safe";
			};
			name = Debug;
		};
		A910B3B428B7BF1000FD5AED /* Release */ = {
			isa = XCBuildConfiguration;
			buildSettings = {
				ALWAYS_EMBED_SWIFT_STANDARD_LIBRARIES = YES;
				BUNDLE_LOADER = "$(TEST_HOST)";
				CODE_SIGN_STYLE = Automatic;
				CURRENT_PROJECT_VERSION = 1;
				DEVELOPMENT_TEAM = 3C534KM75F;
				GENERATE_INFOPLIST_FILE = YES;
				IPHONEOS_DEPLOYMENT_TARGET = 15.5;
				MARKETING_VERSION = 1.0;
				PRODUCT_BUNDLE_IDENTIFIER = "com.MarcoTagliafierro.Gimmi-git-safeTests";
				PRODUCT_NAME = "$(TARGET_NAME)";
				SWIFT_EMIT_LOC_STRINGS = NO;
				SWIFT_VERSION = 5.0;
				TARGETED_DEVICE_FAMILY = "1,2";
				TEST_HOST = "$(BUILT_PRODUCTS_DIR)/Gimmi_git_safe.app/Gimmi_git_safe";
			};
			name = Release;
		};
		A910B3B628B7BF1000FD5AED /* Debug */ = {
			isa = XCBuildConfiguration;
			buildSettings = {
				ALWAYS_EMBED_SWIFT_STANDARD_LIBRARIES = YES;
				CODE_SIGN_STYLE = Automatic;
				CURRENT_PROJECT_VERSION = 1;
				DEVELOPMENT_TEAM = 3C534KM75F;
				GENERATE_INFOPLIST_FILE = YES;
				MARKETING_VERSION = 1.0;
				PRODUCT_BUNDLE_IDENTIFIER = "com.MarcoTagliafierro.Gimmi-git-safeUITests";
				PRODUCT_NAME = "$(TARGET_NAME)";
				SWIFT_EMIT_LOC_STRINGS = NO;
				SWIFT_VERSION = 5.0;
				TARGETED_DEVICE_FAMILY = "1,2";
				TEST_TARGET_NAME = Gimmi_git_safe;
			};
			name = Debug;
		};
		A910B3B728B7BF1000FD5AED /* Release */ = {
			isa = XCBuildConfiguration;
			buildSettings = {
				ALWAYS_EMBED_SWIFT_STANDARD_LIBRARIES = YES;
				CODE_SIGN_STYLE = Automatic;
				CURRENT_PROJECT_VERSION = 1;
				DEVELOPMENT_TEAM = 3C534KM75F;
				GENERATE_INFOPLIST_FILE = YES;
				MARKETING_VERSION = 1.0;
				PRODUCT_BUNDLE_IDENTIFIER = "com.MarcoTagliafierro.Gimmi-git-safeUITests";
				PRODUCT_NAME = "$(TARGET_NAME)";
				SWIFT_EMIT_LOC_STRINGS = NO;
				SWIFT_VERSION = 5.0;
				TARGETED_DEVICE_FAMILY = "1,2";
				TEST_TARGET_NAME = Gimmi_git_safe;
			};
			name = Release;
		};
/* End XCBuildConfiguration section */

/* Begin XCConfigurationList section */
		A910B38628B7BF0F00FD5AED /* Build configuration list for PBXProject "Gimmi_git_safe" */ = {
			isa = XCConfigurationList;
			buildConfigurations = (
				A910B3AD28B7BF1000FD5AED /* Debug */,
				A910B3AE28B7BF1000FD5AED /* Release */,
			);
			defaultConfigurationIsVisible = 0;
			defaultConfigurationName = Release;
		};
		A910B3AF28B7BF1000FD5AED /* Build configuration list for PBXNativeTarget "Gimmi_git_safe" */ = {
			isa = XCConfigurationList;
			buildConfigurations = (
				A910B3B028B7BF1000FD5AED /* Debug */,
				A910B3B128B7BF1000FD5AED /* Release */,
			);
			defaultConfigurationIsVisible = 0;
			defaultConfigurationName = Release;
		};
		A910B3B228B7BF1000FD5AED /* Build configuration list for PBXNativeTarget "Gimmi_git_safeTests" */ = {
			isa = XCConfigurationList;
			buildConfigurations = (
				A910B3B328B7BF1000FD5AED /* Debug */,
				A910B3B428B7BF1000FD5AED /* Release */,
			);
			defaultConfigurationIsVisible = 0;
			defaultConfigurationName = Release;
		};
		A910B3B528B7BF1000FD5AED /* Build configuration list for PBXNativeTarget "Gimmi_git_safeUITests" */ = {
			isa = XCConfigurationList;
			buildConfigurations = (
				A910B3B628B7BF1000FD5AED /* Debug */,
				A910B3B728B7BF1000FD5AED /* Release */,
			);
			defaultConfigurationIsVisible = 0;
			defaultConfigurationName = Release;
		};
/* End XCConfigurationList section */
	};
	rootObject = A910B38328B7BF0F00FD5AED /* Project object */;
}
